
Microsoft Visual Studio Solution File, Format Version 12.00
# Visual Studio Version 16
VisualStudioVersion = 16.0.32106.194
MinimumVisualStudioVersion = 10.0.40219.1
Project("{9A19103F-16F7-4668-BE54-9A1E7A4F7556}") = "Mission7DeLange", "Mission7DeLange.csproj", "{C8B32E87-17EE-45BD-A213-6E97A1F25B39}"
EndProject
Global
	GlobalSection(SolutionConfigurationPlatforms) = preSolution
		Debug|Any CPU = Debug|Any CPU
		Release|Any CPU = Release|Any CPU
	EndGlobalSection
	GlobalSection(ProjectConfigurationPlatforms) = postSolution
		{C8B32E87-17EE-45BD-A213-6E97A1F25B39}.Debug|Any CPU.ActiveCfg = Debug|Any CPU
		{C8B32E87-17EE-45BD-A213-6E97A1F25B39}.Debug|Any CPU.Build.0 = Debug|Any CPU
		{C8B32E87-17EE-45BD-A213-6E97A1F25B39}.Release|Any CPU.ActiveCfg = Release|Any CPU
		{C8B32E87-17EE-45BD-A213-6E97A1F25B39}.Release|Any CPU.Build.0 = Release|Any CPU
	EndGlobalSection
	GlobalSection(SolutionProperties) = preSolution
		HideSolutionNode = FALSE
	EndGlobalSection
	GlobalSection(ExtensibilityGlobals) = postSolution
		SolutionGuid = {3A3C4E2B-9187-4134-ABD3-BFE9F54D4422}
	EndGlobalSection
EndGlobal
